
Microsoft Visual Studio Solution File, Format Version 12.00
# Visual Studio Version 17
VisualStudioVersion = 17.9.34607.119
MinimumVisualStudioVersion = 10.0.40219.1
Project("{FAE04EC0-301F-11D3-BF4B-00C04F79EFBC}") = "Party_Light_Script", "Party_Light_Script\Party_Light_Script.csproj", "{65E2FC28-56AA-41E5-9E3C-0AE6FAD756DA}"
EndProject
Global
	GlobalSection(SolutionConfigurationPlatforms) = preSolution
		Debug|x64 = Debug|x64
	EndGlobalSection
	GlobalSection(ProjectConfigurationPlatforms) = postSolution
		{65E2FC28-56AA-41E5-9E3C-0AE6FAD756DA}.Debug|x64.ActiveCfg = Debug|x64
		{65E2FC28-56AA-41E5-9E3C-0AE6FAD756DA}.Debug|x64.Build.0 = Debug|x64
	EndGlobalSection
	GlobalSection(SolutionProperties) = preSolution
		HideSolutionNode = FALSE
	EndGlobalSection
	GlobalSection(ExtensibilityGlobals) = postSolution
		SolutionGuid = {C00389C5-9149-4EC6-B97B-F9D48E06A5A9}
	EndGlobalSection
EndGlobal
