
Microsoft Visual Studio Solution File, Format Version 12.00
# Visual Studio Version 16
VisualStudioVersion = 16.0.31515.178
MinimumVisualStudioVersion = 10.0.40219.1
Project("{FAE04EC0-301F-11D3-BF4B-00C04F79EFBC}") = "Breaking Script", "Breaking Script\Breaking Script.csproj", "{BCE18402-411C-43CC-B674-56CD5879DB0A}"
EndProject
Global
	GlobalSection(SolutionConfigurationPlatforms) = preSolution
		Debug|x64 = Debug|x64
	EndGlobalSection
	GlobalSection(ProjectConfigurationPlatforms) = postSolution
		{BCE18402-411C-43CC-B674-56CD5879DB0A}.Debug|x64.ActiveCfg = Debug|x64
		{BCE18402-411C-43CC-B674-56CD5879DB0A}.Debug|x64.Build.0 = Debug|x64
	EndGlobalSection
	GlobalSection(SolutionProperties) = preSolution
		HideSolutionNode = FALSE
	EndGlobalSection
	GlobalSection(ExtensibilityGlobals) = postSolution
		SolutionGuid = {5CCE4587-E09B-48B5-A23D-5FD74D1C87ED}
	EndGlobalSection
EndGlobal
