
Microsoft Visual Studio Solution File, Format Version 12.00
# Visual Studio Version 16
VisualStudioVersion = 16.0.31515.178
MinimumVisualStudioVersion = 10.0.40219.1
Project("{FAE04EC0-301F-11D3-BF4B-00C04F79EFBC}") = "Solar Rotor Script", "Solar Rotor Script\Solar Rotor Script.csproj", "{AA913880-9B36-4F28-828E-0C351303E4F2}"
EndProject
Global
	GlobalSection(SolutionConfigurationPlatforms) = preSolution
		Debug|x64 = Debug|x64
	EndGlobalSection
	GlobalSection(ProjectConfigurationPlatforms) = postSolution
		{AA913880-9B36-4F28-828E-0C351303E4F2}.Debug|x64.ActiveCfg = Debug|x64
		{AA913880-9B36-4F28-828E-0C351303E4F2}.Debug|x64.Build.0 = Debug|x64
	EndGlobalSection
	GlobalSection(SolutionProperties) = preSolution
		HideSolutionNode = FALSE
	EndGlobalSection
	GlobalSection(ExtensibilityGlobals) = postSolution
		SolutionGuid = {BF39DE54-B36E-4274-ACCB-F4129FBA11D0}
	EndGlobalSection
EndGlobal
